
Microsoft Visual Studio Solution File, Format Version 12.00
# Visual Studio Version 16
VisualStudioVersion = 16.0.31321.278
MinimumVisualStudioVersion = 10.0.40219.1
Project("{FAE04EC0-301F-11D3-BF4B-00C04F79EFBC}") = "product", "product\product.csproj", "{A0CF6DAD-F749-432E-978A-DFDEB8365C0D}"
EndProject
Global
	GlobalSection(SolutionConfigurationPlatforms) = preSolution
		Debug|Any CPU = Debug|Any CPU
		Release|Any CPU = Release|Any CPU
	EndGlobalSection
	GlobalSection(ProjectConfigurationPlatforms) = postSolution
		{A0CF6DAD-F749-432E-978A-DFDEB8365C0D}.Debug|Any CPU.ActiveCfg = Debug|Any CPU
		{A0CF6DAD-F749-432E-978A-DFDEB8365C0D}.Debug|Any CPU.Build.0 = Debug|Any CPU
		{A0CF6DAD-F749-432E-978A-DFDEB8365C0D}.Release|Any CPU.ActiveCfg = Release|Any CPU
		{A0CF6DAD-F749-432E-978A-DFDEB8365C0D}.Release|Any CPU.Build.0 = Release|Any CPU
	EndGlobalSection
	GlobalSection(SolutionProperties) = preSolution
		HideSolutionNode = FALSE
	EndGlobalSection
	GlobalSection(ExtensibilityGlobals) = postSolution
		SolutionGuid = {C3B32A8F-D4DE-4C55-B29C-163EB8B80A93}
	EndGlobalSection
EndGlobal
